43ab5155fd327ca39287caa5440d9ae50473d911eda1b7f0e819197dcfbf63b3 https://repo.maven.apache.org/maven2/org/orekit/orekit/13.1.7/orekit-13.1.7.jar orekit-13.1.7.jar
5af54dc3c21b8d85e1264157ee91d93fa67e68c825cfb38834dc2bbb9b0f6583 https://repo.maven.apache.org/maven2/org/hipparchus/hipparchus-core/4.0.3/hipparchus-core-4.0.3.jar hipparchus-core-4.0.3.jar
19594d5106ec6a46951e859e2924bfcade02a834c06c56bd3d2130a74f0fbb7e https://repo.maven.apache.org/maven2/org/hipparchus/hipparchus-geometry/4.0.3/hipparchus-geometry-4.0.3.jar hipparchus-geometry-4.0.3.jar
75f0f0b3fdcd99d13e9c394b7ae809cce5a9c22f1c14b1b90a5109ed951467fe https://repo.maven.apache.org/maven2/org/hipparchus/hipparchus-ode/4.0.3/hipparchus-ode-4.0.3.jar hipparchus-ode-4.0.3.jar
3712c3b4f43d9c12bf7b7aad187764f4b3c09cc962504899d8951eb310b1e4be https://repo.maven.apache.org/maven2/org/hipparchus/hipparchus-fitting/4.0.3/hipparchus-fitting-4.0.3.jar hipparchus-fitting-4.0.3.jar
4bc0dbb5c6d5fefda5db9d92141c6cbb807174a1d491a85df46bcc57a67b8992 https://repo.maven.apache.org/maven2/org/hipparchus/hipparchus-optim/4.0.3/hipparchus-optim-4.0.3.jar hipparchus-optim-4.0.3.jar
279eece43411f372bd8340355cb89101def0bf9b1b6824231b76181d1ec63a81 https://repo.maven.apache.org/maven2/org/hipparchus/hipparchus-filtering/4.0.3/hipparchus-filtering-4.0.3.jar hipparchus-filtering-4.0.3.jar
8b066e3060dc119efcce241fb0720a3b9e59c026d0f5fe9e70abfd5e22d3817b https://repo.maven.apache.org/maven2/org/hipparchus/hipparchus-stat/4.0.3/hipparchus-stat-4.0.3.jar hipparchus-stat-4.0.3.jar
